{
  "name": "azurepush",
  "version": "0.0.1",
  "lockfileVersion": 1,
  "requires": true,
  "dependencies": {
    "@ionic/pro": {
      "version": "1.0.20",
      "resolved": "https://registry.npmjs.org/@ionic/pro/-/pro-1.0.20.tgz",
      "integrity": "sha512-fYU/6kv72czmyQTqxWljjMZLpSpmQbw/LWfOXMDomDuM3rfWBeipl4KIY8vzhXldBzpvhhhHz5L0wEpCOBStvw=="
    }
  }
}
